
Microsoft Visual Studio Solution File, Format Version 12.00
# Visual Studio 15
VisualStudioVersion = 15.0.26228.10
MinimumVisualStudioVersion = 10.0.40219.1
Project("{2150E333-8FDC-42A3-9474-1A3956D46DE8}") = "Data", "Data", "{8DF1A3FC-DBA3-483D-97A1-D021CB20CD2D}"
EndProject
Project("{FAE04EC0-301F-11D3-BF4B-00C04F79EFBC}") = "Models", "Models\Models.csproj", "{793DFC5B-3892-4952-83A4-C20C11F82EA6}"
EndProject
Project("{FAE04EC0-301F-11D3-BF4B-00C04F79EFBC}") = "Db", "Db\Db.csproj", "{735A9B9F-EFC5-4B8F-BE7B-C4C7A1627BB9}"
EndProject
Project("{FAE04EC0-301F-11D3-BF4B-00C04F79EFBC}") = "Apis", "Apis\Apis.csproj", "{7F6887F1-9759-479F-A715-99CD17F9A525}"
EndProject
Project("{FAE04EC0-301F-11D3-BF4B-00C04F79EFBC}") = "Application", "Application\Application.csproj", "{7D69E2B0-D4E5-4553-9756-4AB3E9767E91}"
EndProject
Project("{FAE04EC0-301F-11D3-BF4B-00C04F79EFBC}") = "Application.Interfaces", "Application.Interfaces\Application.Interfaces.csproj", "{12D5228F-64B0-4D3B-9291-2D9FCAAD8536}"
EndProject
Project("{FAE04EC0-301F-11D3-BF4B-00C04F79EFBC}") = "DataAccess", "DataAccess\DataAccess.csproj", "{269E64D8-E786-43D0-BDFD-05BA1C40A892}"
EndProject
Project("{FAE04EC0-301F-11D3-BF4B-00C04F79EFBC}") = "DataAccess.Interfaces", "DataAccess.Interfaces\DataAccess.Interfaces.csproj", "{5E7B59D8-0128-4B4B-B4EB-0592489276D3}"
EndProject
Project("{FAE04EC0-301F-11D3-BF4B-00C04F79EFBC}") = "DataAccess.Shared", "DataAccess.Shared\DataAccess.Shared.csproj", "{4A38F0C4-77F5-4DC3-8FB2-D3D949A9791A}"
EndProject
Project("{2150E333-8FDC-42A3-9474-1A3956D46DE8}") = "Application", "Application", "{A6C27FCA-E45F-4C3A-88DB-1EFD917979F5}"
EndProject
Project("{FAE04EC0-301F-11D3-BF4B-00C04F79EFBC}") = "Resources", "Resources\Resources.csproj", "{A2D9AFDE-26E4-4840-B431-3FE969F4E455}"
EndProject
Project("{FAE04EC0-301F-11D3-BF4B-00C04F79EFBC}") = "DataAccess.Shared.Interfaces", "DataAccess.Shared.Interfaces\DataAccess.Shared.Interfaces.csproj", "{6D63D58B-A4BC-4623-B227-FF5B643C3267}"
EndProject
Project("{2150E333-8FDC-42A3-9474-1A3956D46DE8}") = "Shared", "Shared", "{0BBB8AA6-AFB5-4027-ADE7-EBA85E305EB2}"
EndProject
Project("{FAE04EC0-301F-11D3-BF4B-00C04F79EFBC}") = "SearchFilters", "SearchFilters\SearchFilters.csproj", "{906B445E-0D90-4E89-9DC6-D8A9F4CE7CA1}"
EndProject
Project("{FAE04EC0-301F-11D3-BF4B-00C04F79EFBC}") = "Application.Tests", "Application.Tests\Application.Tests.csproj", "{532811A8-D5DD-4123-834B-7946B1486B58}"
EndProject
Project("{FAE04EC0-301F-11D3-BF4B-00C04F79EFBC}") = "CarSimulator", "CarSimulator\CarSimulator.csproj", "{2AB4FA93-AE67-4128-8B28-DEF39D1CBB81}"
EndProject
Project("{2150E333-8FDC-42A3-9474-1A3956D46DE8}") = "Domain", "Domain", "{904EEF2A-013C-4FB5-B1C7-E6A26B2EBE7D}"
EndProject
Global
	GlobalSection(SolutionConfigurationPlatforms) = preSolution
		Debug|Any CPU = Debug|Any CPU
		Release|Any CPU = Release|Any CPU
	EndGlobalSection
	GlobalSection(ProjectConfigurationPlatforms) = postSolution
		{793DFC5B-3892-4952-83A4-C20C11F82EA6}.Debug|Any CPU.ActiveCfg = Debug|Any CPU
		{793DFC5B-3892-4952-83A4-C20C11F82EA6}.Debug|Any CPU.Build.0 = Debug|Any CPU
		{793DFC5B-3892-4952-83A4-C20C11F82EA6}.Release|Any CPU.ActiveCfg = Release|Any CPU
		{793DFC5B-3892-4952-83A4-C20C11F82EA6}.Release|Any CPU.Build.0 = Release|Any CPU
		{735A9B9F-EFC5-4B8F-BE7B-C4C7A1627BB9}.Debug|Any CPU.ActiveCfg = Debug|Any CPU
		{735A9B9F-EFC5-4B8F-BE7B-C4C7A1627BB9}.Debug|Any CPU.Build.0 = Debug|Any CPU
		{735A9B9F-EFC5-4B8F-BE7B-C4C7A1627BB9}.Release|Any CPU.ActiveCfg = Release|Any CPU
		{735A9B9F-EFC5-4B8F-BE7B-C4C7A1627BB9}.Release|Any CPU.Build.0 = Release|Any CPU
		{7F6887F1-9759-479F-A715-99CD17F9A525}.Debug|Any CPU.ActiveCfg = Debug|Any CPU
		{7F6887F1-9759-479F-A715-99CD17F9A525}.Debug|Any CPU.Build.0 = Debug|Any CPU
		{7F6887F1-9759-479F-A715-99CD17F9A525}.Release|Any CPU.ActiveCfg = Release|Any CPU
		{7F6887F1-9759-479F-A715-99CD17F9A525}.Release|Any CPU.Build.0 = Release|Any CPU
		{7D69E2B0-D4E5-4553-9756-4AB3E9767E91}.Debug|Any CPU.ActiveCfg = Debug|Any CPU
		{7D69E2B0-D4E5-4553-9756-4AB3E9767E91}.Debug|Any CPU.Build.0 = Debug|Any CPU
		{7D69E2B0-D4E5-4553-9756-4AB3E9767E91}.Release|Any CPU.ActiveCfg = Release|Any CPU
		{7D69E2B0-D4E5-4553-9756-4AB3E9767E91}.Release|Any CPU.Build.0 = Release|Any CPU
		{12D5228F-64B0-4D3B-9291-2D9FCAAD8536}.Debug|Any CPU.ActiveCfg = Debug|Any CPU
		{12D5228F-64B0-4D3B-9291-2D9FCAAD8536}.Debug|Any CPU.Build.0 = Debug|Any CPU
		{12D5228F-64B0-4D3B-9291-2D9FCAAD8536}.Release|Any CPU.ActiveCfg = Release|Any CPU
		{12D5228F-64B0-4D3B-9291-2D9FCAAD8536}.Release|Any CPU.Build.0 = Release|Any CPU
		{269E64D8-E786-43D0-BDFD-05BA1C40A892}.Debug|Any CPU.ActiveCfg = Debug|Any CPU
		{269E64D8-E786-43D0-BDFD-05BA1C40A892}.Debug|Any CPU.Build.0 = Debug|Any CPU
		{269E64D8-E786-43D0-BDFD-05BA1C40A892}.Release|Any CPU.ActiveCfg = Release|Any CPU
		{269E64D8-E786-43D0-BDFD-05BA1C40A892}.Release|Any CPU.Build.0 = Release|Any CPU
		{5E7B59D8-0128-4B4B-B4EB-0592489276D3}.Debug|Any CPU.ActiveCfg = Debug|Any CPU
		{5E7B59D8-0128-4B4B-B4EB-0592489276D3}.Debug|Any CPU.Build.0 = Debug|Any CPU
		{5E7B59D8-0128-4B4B-B4EB-0592489276D3}.Release|Any CPU.ActiveCfg = Release|Any CPU
		{5E7B59D8-0128-4B4B-B4EB-0592489276D3}.Release|Any CPU.Build.0 = Release|Any CPU
		{4A38F0C4-77F5-4DC3-8FB2-D3D949A9791A}.Debug|Any CPU.ActiveCfg = Debug|Any CPU
		{4A38F0C4-77F5-4DC3-8FB2-D3D949A9791A}.Debug|Any CPU.Build.0 = Debug|Any CPU
		{4A38F0C4-77F5-4DC3-8FB2-D3D949A9791A}.Release|Any CPU.ActiveCfg = Release|Any CPU
		{4A38F0C4-77F5-4DC3-8FB2-D3D949A9791A}.Release|Any CPU.Build.0 = Release|Any CPU
		{A2D9AFDE-26E4-4840-B431-3FE969F4E455}.Debug|Any CPU.ActiveCfg = Debug|Any CPU
		{A2D9AFDE-26E4-4840-B431-3FE969F4E455}.Debug|Any CPU.Build.0 = Debug|Any CPU
		{A2D9AFDE-26E4-4840-B431-3FE969F4E455}.Release|Any CPU.ActiveCfg = Release|Any CPU
		{A2D9AFDE-26E4-4840-B431-3FE969F4E455}.Release|Any CPU.Build.0 = Release|Any CPU
		{6D63D58B-A4BC-4623-B227-FF5B643C3267}.Debug|Any CPU.ActiveCfg = Debug|Any CPU
		{6D63D58B-A4BC-4623-B227-FF5B643C3267}.Debug|Any CPU.Build.0 = Debug|Any CPU
		{6D63D58B-A4BC-4623-B227-FF5B643C3267}.Release|Any CPU.ActiveCfg = Release|Any CPU
		{6D63D58B-A4BC-4623-B227-FF5B643C3267}.Release|Any CPU.Build.0 = Release|Any CPU
		{906B445E-0D90-4E89-9DC6-D8A9F4CE7CA1}.Debug|Any CPU.ActiveCfg = Debug|Any CPU
		{906B445E-0D90-4E89-9DC6-D8A9F4CE7CA1}.Debug|Any CPU.Build.0 = Debug|Any CPU
		{906B445E-0D90-4E89-9DC6-D8A9F4CE7CA1}.Release|Any CPU.ActiveCfg = Release|Any CPU
		{906B445E-0D90-4E89-9DC6-D8A9F4CE7CA1}.Release|Any CPU.Build.0 = Release|Any CPU
		{532811A8-D5DD-4123-834B-7946B1486B58}.Debug|Any CPU.ActiveCfg = Debug|Any CPU
		{532811A8-D5DD-4123-834B-7946B1486B58}.Debug|Any CPU.Build.0 = Debug|Any CPU
		{532811A8-D5DD-4123-834B-7946B1486B58}.Release|Any CPU.ActiveCfg = Release|Any CPU
		{532811A8-D5DD-4123-834B-7946B1486B58}.Release|Any CPU.Build.0 = Release|Any CPU
		{2AB4FA93-AE67-4128-8B28-DEF39D1CBB81}.Debug|Any CPU.ActiveCfg = Debug|Any CPU
		{2AB4FA93-AE67-4128-8B28-DEF39D1CBB81}.Debug|Any CPU.Build.0 = Debug|Any CPU
		{2AB4FA93-AE67-4128-8B28-DEF39D1CBB81}.Release|Any CPU.ActiveCfg = Release|Any CPU
		{2AB4FA93-AE67-4128-8B28-DEF39D1CBB81}.Release|Any CPU.Build.0 = Release|Any CPU
	EndGlobalSection
	GlobalSection(SolutionProperties) = preSolution
		HideSolutionNode = FALSE
	EndGlobalSection
	GlobalSection(NestedProjects) = preSolution
		{793DFC5B-3892-4952-83A4-C20C11F82EA6} = {904EEF2A-013C-4FB5-B1C7-E6A26B2EBE7D}
		{735A9B9F-EFC5-4B8F-BE7B-C4C7A1627BB9} = {8DF1A3FC-DBA3-483D-97A1-D021CB20CD2D}
		{7D69E2B0-D4E5-4553-9756-4AB3E9767E91} = {A6C27FCA-E45F-4C3A-88DB-1EFD917979F5}
		{12D5228F-64B0-4D3B-9291-2D9FCAAD8536} = {A6C27FCA-E45F-4C3A-88DB-1EFD917979F5}
		{269E64D8-E786-43D0-BDFD-05BA1C40A892} = {8DF1A3FC-DBA3-483D-97A1-D021CB20CD2D}
		{5E7B59D8-0128-4B4B-B4EB-0592489276D3} = {8DF1A3FC-DBA3-483D-97A1-D021CB20CD2D}
		{4A38F0C4-77F5-4DC3-8FB2-D3D949A9791A} = {8DF1A3FC-DBA3-483D-97A1-D021CB20CD2D}
		{A2D9AFDE-26E4-4840-B431-3FE969F4E455} = {A6C27FCA-E45F-4C3A-88DB-1EFD917979F5}
		{6D63D58B-A4BC-4623-B227-FF5B643C3267} = {8DF1A3FC-DBA3-483D-97A1-D021CB20CD2D}
		{906B445E-0D90-4E89-9DC6-D8A9F4CE7CA1} = {0BBB8AA6-AFB5-4027-ADE7-EBA85E305EB2}
		{532811A8-D5DD-4123-834B-7946B1486B58} = {A6C27FCA-E45F-4C3A-88DB-1EFD917979F5}
	EndGlobalSection
EndGlobal
